
Microsoft Visual Studio Solution File, Format Version 12.00
# Visual Studio Version 17
VisualStudioVersion = 17.4.33122.133
MinimumVisualStudioVersion = 10.0.40219.1
Project("{9A19103F-16F7-4668-BE54-9A1E7A4F7556}") = "WeeklyChallenge.Server", "WeeklyChallenge\Server\WeeklyChallenge.Server.csproj", "{2EE22B32-AC78-4FA3-A085-2523DF64485F}"
EndProject
Project("{9A19103F-16F7-4668-BE54-9A1E7A4F7556}") = "WeeklyChallenge.Client", "WeeklyChallenge\Client\WeeklyChallenge.Client.csproj", "{6D4F4A18-7A39-4F17-93A4-C23582B08FED}"
EndProject
Project("{9A19103F-16F7-4668-BE54-9A1E7A4F7556}") = "WeeklyChallenge.Shared", "WeeklyChallenge\Shared\WeeklyChallenge.Shared.csproj", "{8BCCD7FD-D290-4BF7-A72C-0113FAA13385}"
EndProject
Project("{2150E333-8FDC-42A3-9474-1A3956D46DE8}") = "Solution Items", "Solution Items", "{46C8BCF5-04FC-4B5F-9D3E-177ADDE9E6FF}"
	ProjectSection(SolutionItems) = preProject
		.editorconfig = .editorconfig
	EndProjectSection
EndProject
Global
	GlobalSection(SolutionConfigurationPlatforms) = preSolution
		Debug|Any CPU = Debug|Any CPU
		Release|Any CPU = Release|Any CPU
	EndGlobalSection
	GlobalSection(ProjectConfigurationPlatforms) = postSolution
		{2EE22B32-AC78-4FA3-A085-2523DF64485F}.Debug|Any CPU.ActiveCfg = Debug|Any CPU
		{2EE22B32-AC78-4FA3-A085-2523DF64485F}.Debug|Any CPU.Build.0 = Debug|Any CPU
		{2EE22B32-AC78-4FA3-A085-2523DF64485F}.Release|Any CPU.ActiveCfg = Release|Any CPU
		{2EE22B32-AC78-4FA3-A085-2523DF64485F}.Release|Any CPU.Build.0 = Release|Any CPU
		{6D4F4A18-7A39-4F17-93A4-C23582B08FED}.Debug|Any CPU.ActiveCfg = Debug|Any CPU
		{6D4F4A18-7A39-4F17-93A4-C23582B08FED}.Debug|Any CPU.Build.0 = Debug|Any CPU
		{6D4F4A18-7A39-4F17-93A4-C23582B08FED}.Release|Any CPU.ActiveCfg = Release|Any CPU
		{6D4F4A18-7A39-4F17-93A4-C23582B08FED}.Release|Any CPU.Build.0 = Release|Any CPU
		{8BCCD7FD-D290-4BF7-A72C-0113FAA13385}.Debug|Any CPU.ActiveCfg = Debug|Any CPU
		{8BCCD7FD-D290-4BF7-A72C-0113FAA13385}.Debug|Any CPU.Build.0 = Debug|Any CPU
		{8BCCD7FD-D290-4BF7-A72C-0113FAA13385}.Release|Any CPU.ActiveCfg = Release|Any CPU
		{8BCCD7FD-D290-4BF7-A72C-0113FAA13385}.Release|Any CPU.Build.0 = Release|Any CPU
	EndGlobalSection
	GlobalSection(SolutionProperties) = preSolution
		HideSolutionNode = FALSE
	EndGlobalSection
	GlobalSection(ExtensibilityGlobals) = postSolution
		SolutionGuid = {24419A83-9D10-4D5E-94B4-27374A301421}
	EndGlobalSection
EndGlobal
